Microsoft Visual Studio Solution File, Format Version 11.00
# Visual Studio 2008

Project("{F1EA99AF-ACA2-9BD3-3CCB-382331BEC0C3}") = "Kulki", "Assembly-CSharp-vs.csproj", "{A6473A29-7421-465F-14F2-9AC50692B301}"
EndProject
Global
	GlobalSection(SolutionConfigurationPlatforms) = preSolution
		Debug|Any CPU = Debug|Any CPU
		Release|Any CPU = Release|Any CPU
	EndGlobalSection
	GlobalSection(ProjectConfigurationPlatforms) = postSolution
		{A6473A29-7421-465F-14F2-9AC50692B301}.Debug|Any CPU.ActiveCfg = Debug|Any CPU
		{A6473A29-7421-465F-14F2-9AC50692B301}.Debug|Any CPU.Build.0 = Debug|Any CPU
		{A6473A29-7421-465F-14F2-9AC50692B301}.Release|Any CPU.ActiveCfg = Release|Any CPU
		{A6473A29-7421-465F-14F2-9AC50692B301}.Release|Any CPU.Build.0 = Release|Any CPU
	EndGlobalSection
	GlobalSection(SolutionProperties) = preSolution
		HideSolutionNode = FALSE
	EndGlobalSection
																																																					GlobalSection(MonoDevelopProperties) = preSolution
		StartupItem = Assembly-CSharp.csproj
		Policies = $0
		$0.TextStylePolicy = $1
		$1.inheritsSet = null
		$1.scope = text/x-csharp
		$0.CSharpFormattingPolicy = $2
		$2.inheritsSet = Mono
		$2.inheritsScope = text/x-csharp
		$2.scope = text/x-csharp
		$0.TextStylePolicy = $3
		$3.FileWidth = 120
		$3.TabWidth = 4
		$3.EolMarker = Unix
		$3.inheritsSet = Mono
		$3.inheritsScope = text/plain
		$3.scope = text/plain
	EndGlobalSection

EndGlobal
